
Microsoft Visual Studio Solution File, Format Version 12.00
# Visual Studio Version 16
VisualStudioVersion = 16.0.29215.179
MinimumVisualStudioVersion = 10.0.40219.1
Project("{FAE04EC0-301F-11D3-BF4B-00C04F79EFBC}") = "Gkproj4", "Gkproj4.csproj", "{68082ECA-99EB-412C-BC04-4C6A80651592}"
EndProject
Global
	GlobalSection(SolutionConfigurationPlatforms) = preSolution
		Debug|Any CPU = Debug|Any CPU
		Release|Any CPU = Release|Any CPU
	EndGlobalSection
	GlobalSection(ProjectConfigurationPlatforms) = postSolution
		{68082ECA-99EB-412C-BC04-4C6A80651592}.Debug|Any CPU.ActiveCfg = Debug|Any CPU
		{68082ECA-99EB-412C-BC04-4C6A80651592}.Debug|Any CPU.Build.0 = Debug|Any CPU
		{68082ECA-99EB-412C-BC04-4C6A80651592}.Release|Any CPU.ActiveCfg = Release|Any CPU
		{68082ECA-99EB-412C-BC04-4C6A80651592}.Release|Any CPU.Build.0 = Release|Any CPU
	EndGlobalSection
	GlobalSection(SolutionProperties) = preSolution
		HideSolutionNode = FALSE
	EndGlobalSection
	GlobalSection(ExtensibilityGlobals) = postSolution
		SolutionGuid = {9E4D4973-ED7D-4D6A-8235-5C26B5A2F9E7}
	EndGlobalSection
EndGlobal
